=== RUN   TestAlbExample
TestAlbExample 2023-08-20T23:32:21+09:00 retry.go:91: terraform [init -upgrade=false]
TestAlbExample 2023-08-20T23:32:21+09:00 logger.go:66: Running command terraform with args [init -upgrade=false]
TestAlbExample 2023-08-20T23:32:21+09:00 logger.go:66:
TestAlbExample 2023-08-20T23:32:21+09:00 logger.go:66: [0m[1mInitializing the backend...[0m
TestAlbExample 2023-08-20T23:32:21+09:00 logger.go:66: [0m[1mInitializing modules...[0m
TestAlbExample 2023-08-20T23:32:21+09:00 logger.go:66: - alb in ../../modules/networking/alb
TestAlbExample 2023-08-20T23:32:21+09:00 logger.go:66:
TestAlbExample 2023-08-20T23:32:21+09:00 logger.go:66: [0m[1mInitializing provider plugins...[0m
TestAlbExample 2023-08-20T23:32:21+09:00 logger.go:66: - Reusing previous version of hashicorp/aws from the dependency lock file
TestAlbExample 2023-08-20T23:32:22+09:00 logger.go:66: - Installing hashicorp/aws v4.19.0...
TestAlbExample 2023-08-20T23:32:27+09:00 logger.go:66: - Installed hashicorp/aws v4.19.0 (signed by HashiCorp)
TestAlbExample 2023-08-20T23:32:27+09:00 logger.go:66:
TestAlbExample 2023-08-20T23:32:27+09:00 logger.go:66: [0m[1m[32mTerraform has been successfully initialized![0m[32m[0m
TestAlbExample 2023-08-20T23:32:27+09:00 logger.go:66: [0m[32m
TestAlbExample 2023-08-20T23:32:27+09:00 logger.go:66: You may now begin working with Terraform. Try running "terraform plan" to see
TestAlbExample 2023-08-20T23:32:27+09:00 logger.go:66: any changes that are required for your infrastructure. All Terraform commands
TestAlbExample 2023-08-20T23:32:27+09:00 logger.go:66: should now work.
TestAlbExample 2023-08-20T23:32:27+09:00 logger.go:66:
TestAlbExample 2023-08-20T23:32:27+09:00 logger.go:66: If you ever set or change modules or backend configuration for Terraform,
TestAlbExample 2023-08-20T23:32:27+09:00 logger.go:66: rerun this command to reinitialize your working directory. If you forget, other
TestAlbExample 2023-08-20T23:32:27+09:00 logger.go:66: commands will detect it and remind you to do so if necessary.[0m
TestAlbExample 2023-08-20T23:32:27+09:00 retry.go:91: terraform [apply -input=false -auto-approve -lock=false]
TestAlbExample 2023-08-20T23:32:27+09:00 logger.go:66: Running command terraform with args [apply -input=false -auto-approve -lock=false]
TestAlbExample 2023-08-20T23:32:31+09:00 logger.go:66: [0m[1mdata.aws_vpc.default: Reading...[0m[0m
TestAlbExample 2023-08-20T23:32:31+09:00 logger.go:66: [0m[1mdata.aws_vpc.default: Read complete after 1s [id=vpc-c330c9a8][0m
TestAlbExample 2023-08-20T23:32:31+09:00 logger.go:66: [0m[1mdata.aws_subnets.default: Reading...[0m[0m
TestAlbExample 2023-08-20T23:32:32+09:00 logger.go:66: [0m[1mdata.aws_subnets.default: Read complete after 0s [id=us-east-2][0m
TestAlbExample 2023-08-20T23:32:32+09:00 logger.go:66:
TestAlbExample 2023-08-20T23:32:32+09:00 logger.go:66: Terraform used the selected providers to generate the following execution
TestAlbExample 2023-08-20T23:32:32+09:00 logger.go:66: plan. Resource actions are indicated with the following symbols:
TestAlbExample 2023-08-20T23:32:32+09:00 logger.go:66:   [32m+[0m create[0m
TestAlbExample 2023-08-20T23:32:32+09:00 logger.go:66:
TestAlbExample 2023-08-20T23:32:32+09:00 logger.go:66: Terraform will perform the following actions:
TestAlbExample 2023-08-20T23:32:32+09:00 logger.go:66:
TestAlbExample 2023-08-20T23:32:32+09:00 logger.go:66: [1m  # module.alb.aws_lb.example[0m will be created
TestAlbExample 2023-08-20T23:32:32+09:00 logger.go:66: [0m  [32m+[0m[0m resource "aws_lb" "example" {
TestAlbExample 2023-08-20T23:32:32+09:00 logger.go:66:       [32m+[0m[0m arn                        = (known after apply)
TestAlbExample 2023-08-20T23:32:32+09:00 logger.go:66:       [32m+[0m[0m arn_suffix                 = (known after apply)
TestAlbExample 2023-08-20T23:32:32+09:00 logger.go:66:       [32m+[0m[0m desync_mitigation_mode     = "defensive"
TestAlbExample 2023-08-20T23:32:32+09:00 logger.go:66:       [32m+[0m[0m dns_name                   = (known after apply)
TestAlbExample 2023-08-20T23:32:32+09:00 logger.go:66:       [32m+[0m[0m drop_invalid_header_fields = false
TestAlbExample 2023-08-20T23:32:32+09:00 logger.go:66:       [32m+[0m[0m enable_deletion_protection = false
TestAlbExample 2023-08-20T23:32:32+09:00 logger.go:66:       [32m+[0m[0m enable_http2               = true
TestAlbExample 2023-08-20T23:32:32+09:00 logger.go:66:       [32m+[0m[0m enable_waf_fail_open       = false
TestAlbExample 2023-08-20T23:32:32+09:00 logger.go:66:       [32m+[0m[0m id                         = (known after apply)
TestAlbExample 2023-08-20T23:32:32+09:00 logger.go:66:       [32m+[0m[0m idle_timeout               = 60
TestAlbExample 2023-08-20T23:32:32+09:00 logger.go:66:       [32m+[0m[0m internal                   = (known after apply)
TestAlbExample 2023-08-20T23:32:32+09:00 logger.go:66:       [32m+[0m[0m ip_address_type            = (known after apply)
TestAlbExample 2023-08-20T23:32:32+09:00 logger.go:66:       [32m+[0m[0m load_balancer_type         = "application"
TestAlbExample 2023-08-20T23:32:32+09:00 logger.go:66:       [32m+[0m[0m name                       = "terraform-up-and-running"
TestAlbExample 2023-08-20T23:32:32+09:00 logger.go:66:       [32m+[0m[0m security_groups            = (known after apply)
TestAlbExample 2023-08-20T23:32:32+09:00 logger.go:66:       [32m+[0m[0m subnets                    = [
TestAlbExample 2023-08-20T23:32:32+09:00 logger.go:66:           [32m+[0m[0m "subnet-4cf37500",
TestAlbExample 2023-08-20T23:32:32+09:00 logger.go:66:           [32m+[0m[0m "subnet-601eff0b",
TestAlbExample 2023-08-20T23:32:32+09:00 logger.go:66:           [32m+[0m[0m "subnet-6ff6a915",
TestAlbExample 2023-08-20T23:32:32+09:00 logger.go:66:         ]
TestAlbExample 2023-08-20T23:32:32+09:00 logger.go:66:       [32m+[0m[0m tags_all                   = (known after apply)
TestAlbExample 2023-08-20T23:32:32+09:00 logger.go:66:       [32m+[0m[0m vpc_id                     = (known after apply)
TestAlbExample 2023-08-20T23:32:32+09:00 logger.go:66:       [32m+[0m[0m zone_id                    = (known after apply)
TestAlbExample 2023-08-20T23:32:32+09:00 logger.go:66:     }
TestAlbExample 2023-08-20T23:32:32+09:00 logger.go:66:
TestAlbExample 2023-08-20T23:32:32+09:00 logger.go:66: [1m  # module.alb.aws_lb_listener.http[0m will be created
TestAlbExample 2023-08-20T23:32:32+09:00 logger.go:66: [0m  [32m+[0m[0m resource "aws_lb_listener" "http" {
TestAlbExample 2023-08-20T23:32:32+09:00 logger.go:66:       [32m+[0m[0m arn               = (known after apply)
TestAlbExample 2023-08-20T23:32:32+09:00 logger.go:66:       [32m+[0m[0m id                = (known after apply)
TestAlbExample 2023-08-20T23:32:32+09:00 logger.go:66:       [32m+[0m[0m load_balancer_arn = (known after apply)
TestAlbExample 2023-08-20T23:32:32+09:00 logger.go:66:       [32m+[0m[0m port              = 80
TestAlbExample 2023-08-20T23:32:32+09:00 logger.go:66:       [32m+[0m[0m protocol          = "HTTP"
TestAlbExample 2023-08-20T23:32:32+09:00 logger.go:66:       [32m+[0m[0m ssl_policy        = (known after apply)
TestAlbExample 2023-08-20T23:32:32+09:00 logger.go:66:       [32m+[0m[0m tags_all          = (known after apply)
TestAlbExample 2023-08-20T23:32:32+09:00 logger.go:66:
TestAlbExample 2023-08-20T23:32:32+09:00 logger.go:66:       [32m+[0m[0m default_action {
TestAlbExample 2023-08-20T23:32:32+09:00 logger.go:66:           [32m+[0m[0m order = (known after apply)
TestAlbExample 2023-08-20T23:32:32+09:00 logger.go:66:           [32m+[0m[0m type  = "fixed-response"
TestAlbExample 2023-08-20T23:32:32+09:00 logger.go:66:
TestAlbExample 2023-08-20T23:32:32+09:00 logger.go:66:           [32m+[0m[0m fixed_response {
TestAlbExample 2023-08-20T23:32:32+09:00 logger.go:66:               [32m+[0m[0m content_type = "text/plain"
TestAlbExample 2023-08-20T23:32:32+09:00 logger.go:66:               [32m+[0m[0m message_body = "404: page not found"
TestAlbExample 2023-08-20T23:32:32+09:00 logger.go:66:               [32m+[0m[0m status_code  = "404"
TestAlbExample 2023-08-20T23:32:32+09:00 logger.go:66:             }
TestAlbExample 2023-08-20T23:32:32+09:00 logger.go:66:         }
TestAlbExample 2023-08-20T23:32:32+09:00 logger.go:66:     }
TestAlbExample 2023-08-20T23:32:32+09:00 logger.go:66:
TestAlbExample 2023-08-20T23:32:32+09:00 logger.go:66: [1m  # module.alb.aws_security_group.alb[0m will be created
TestAlbExample 2023-08-20T23:32:32+09:00 logger.go:66: [0m  [32m+[0m[0m resource "aws_security_group" "alb" {
TestAlbExample 2023-08-20T23:32:32+09:00 logger.go:66:       [32m+[0m[0m arn                    = (known after apply)
TestAlbExample 2023-08-20T23:32:32+09:00 logger.go:66:       [32m+[0m[0m description            = "Managed by Terraform"
TestAlbExample 2023-08-20T23:32:32+09:00 logger.go:66:       [32m+[0m[0m egress                 = (known after apply)
TestAlbExample 2023-08-20T23:32:32+09:00 logger.go:66:       [32m+[0m[0m id                     = (known after apply)
TestAlbExample 2023-08-20T23:32:32+09:00 logger.go:66:       [32m+[0m[0m ingress                = (known after apply)
TestAlbExample 2023-08-20T23:32:32+09:00 logger.go:66:       [32m+[0m[0m name                   = "terraform-up-and-running"
TestAlbExample 2023-08-20T23:32:32+09:00 logger.go:66:       [32m+[0m[0m name_prefix            = (known after apply)
TestAlbExample 2023-08-20T23:32:32+09:00 logger.go:66:       [32m+[0m[0m owner_id               = (known after apply)
TestAlbExample 2023-08-20T23:32:32+09:00 logger.go:66:       [32m+[0m[0m revoke_rules_on_delete = false
TestAlbExample 2023-08-20T23:32:32+09:00 logger.go:66:       [32m+[0m[0m tags_all               = (known after apply)
TestAlbExample 2023-08-20T23:32:32+09:00 logger.go:66:       [32m+[0m[0m vpc_id                 = (known after apply)
TestAlbExample 2023-08-20T23:32:32+09:00 logger.go:66:     }
TestAlbExample 2023-08-20T23:32:32+09:00 logger.go:66:
TestAlbExample 2023-08-20T23:32:32+09:00 logger.go:66: [1m  # module.alb.aws_security_group_rule.allow_all_outbound[0m will be created
TestAlbExample 2023-08-20T23:32:32+09:00 logger.go:66: [0m  [32m+[0m[0m resource "aws_security_group_rule" "allow_all_outbound" {
TestAlbExample 2023-08-20T23:32:32+09:00 logger.go:66:       [32m+[0m[0m cidr_blocks              = [
TestAlbExample 2023-08-20T23:32:32+09:00 logger.go:66:           [32m+[0m[0m "0.0.0.0/0",
TestAlbExample 2023-08-20T23:32:32+09:00 logger.go:66:         ]
TestAlbExample 2023-08-20T23:32:32+09:00 logger.go:66:       [32m+[0m[0m from_port                = 0
TestAlbExample 2023-08-20T23:32:32+09:00 logger.go:66:       [32m+[0m[0m id                       = (known after apply)
TestAlbExample 2023-08-20T23:32:32+09:00 logger.go:66:       [32m+[0m[0m protocol                 = "-1"
TestAlbExample 2023-08-20T23:32:32+09:00 logger.go:66:       [32m+[0m[0m security_group_id        = (known after apply)
TestAlbExample 2023-08-20T23:32:32+09:00 logger.go:66:       [32m+[0m[0m self                     = false
TestAlbExample 2023-08-20T23:32:32+09:00 logger.go:66:       [32m+[0m[0m source_security_group_id = (known after apply)
TestAlbExample 2023-08-20T23:32:32+09:00 logger.go:66:       [32m+[0m[0m to_port                  = 0
TestAlbExample 2023-08-20T23:32:32+09:00 logger.go:66:       [32m+[0m[0m type                     = "egress"
TestAlbExample 2023-08-20T23:32:32+09:00 logger.go:66:     }
TestAlbExample 2023-08-20T23:32:32+09:00 logger.go:66:
TestAlbExample 2023-08-20T23:32:32+09:00 logger.go:66: [1m  # module.alb.aws_security_group_rule.allow_http_inbound[0m will be created
TestAlbExample 2023-08-20T23:32:32+09:00 logger.go:66: [0m  [32m+[0m[0m resource "aws_security_group_rule" "allow_http_inbound" {
TestAlbExample 2023-08-20T23:32:32+09:00 logger.go:66:       [32m+[0m[0m cidr_blocks              = [
TestAlbExample 2023-08-20T23:32:32+09:00 logger.go:66:           [32m+[0m[0m "0.0.0.0/0",
TestAlbExample 2023-08-20T23:32:32+09:00 logger.go:66:         ]
TestAlbExample 2023-08-20T23:32:32+09:00 logger.go:66:       [32m+[0m[0m from_port                = 80
TestAlbExample 2023-08-20T23:32:32+09:00 logger.go:66:       [32m+[0m[0m id                       = (known after apply)
TestAlbExample 2023-08-20T23:32:32+09:00 logger.go:66:       [32m+[0m[0m protocol                 = "tcp"
TestAlbExample 2023-08-20T23:32:32+09:00 logger.go:66:       [32m+[0m[0m security_group_id        = (known after apply)
TestAlbExample 2023-08-20T23:32:32+09:00 logger.go:66:       [32m+[0m[0m self                     = false
TestAlbExample 2023-08-20T23:32:32+09:00 logger.go:66:       [32m+[0m[0m source_security_group_id = (known after apply)
TestAlbExample 2023-08-20T23:32:32+09:00 logger.go:66:       [32m+[0m[0m to_port                  = 80
TestAlbExample 2023-08-20T23:32:32+09:00 logger.go:66:       [32m+[0m[0m type                     = "ingress"
TestAlbExample 2023-08-20T23:32:32+09:00 logger.go:66:     }
TestAlbExample 2023-08-20T23:32:32+09:00 logger.go:66:
TestAlbExample 2023-08-20T23:32:32+09:00 logger.go:66: [1mPlan:[0m 5 to add, 0 to change, 0 to destroy.
TestAlbExample 2023-08-20T23:32:32+09:00 logger.go:66: [0m
TestAlbExample 2023-08-20T23:32:32+09:00 logger.go:66: Changes to Outputs:
TestAlbExample 2023-08-20T23:32:32+09:00 logger.go:66:   [32m+[0m[0m alb_dns_name = (known after apply)
TestAlbExample 2023-08-20T23:32:34+09:00 logger.go:66: [0m[1mmodule.alb.aws_security_group.alb: Creating...[0m[0m
TestAlbExample 2023-08-20T23:32:37+09:00 logger.go:66: [0m[1mmodule.alb.aws_security_group.alb: Creation complete after 3s [id=sg-06fcf5ae75cc414f0][0m
TestAlbExample 2023-08-20T23:32:37+09:00 logger.go:66: [0m[1mmodule.alb.aws_security_group_rule.allow_all_outbound: Creating...[0m[0m
TestAlbExample 2023-08-20T23:32:37+09:00 logger.go:66: [0m[1mmodule.alb.aws_security_group_rule.allow_http_inbound: Creating...[0m[0m
TestAlbExample 2023-08-20T23:32:37+09:00 logger.go:66: [0m[1mmodule.alb.aws_lb.example: Creating...[0m[0m
TestAlbExample 2023-08-20T23:32:38+09:00 logger.go:66: [0m[1mmodule.alb.aws_security_group_rule.allow_all_outbound: Creation complete after 1s [id=sgrule-2661034207][0m
TestAlbExample 2023-08-20T23:32:39+09:00 logger.go:66: [0m[1mmodule.alb.aws_security_group_rule.allow_http_inbound: Creation complete after 2s [id=sgrule-3695056953][0m
TestAlbExample 2023-08-20T23:32:47+09:00 logger.go:66: [0m[1mmodule.alb.aws_lb.example: Still creating... [10s elapsed][0m[0m
TestAlbExample 2023-08-20T23:32:57+09:00 logger.go:66: [0m[1mmodule.alb.aws_lb.example: Still creating... [20s elapsed][0m[0m
TestAlbExample 2023-08-20T23:33:07+09:00 logger.go:66: [0m[1mmodule.alb.aws_lb.example: Still creating... [30s elapsed][0m[0m
TestAlbExample 2023-08-20T23:33:17+09:00 logger.go:66: [0m[1mmodule.alb.aws_lb.example: Still creating... [40s elapsed][0m[0m
TestAlbExample 2023-08-20T23:33:27+09:00 logger.go:66: [0m[1mmodule.alb.aws_lb.example: Still creating... [50s elapsed][0m[0m
TestAlbExample 2023-08-20T23:33:37+09:00 logger.go:66: [0m[1mmodule.alb.aws_lb.example: Still creating... [1m0s elapsed][0m[0m
TestAlbExample 2023-08-20T23:33:47+09:00 logger.go:66: [0m[1mmodule.alb.aws_lb.example: Still creating... [1m10s elapsed][0m[0m
TestAlbExample 2023-08-20T23:33:57+09:00 logger.go:66: [0m[1mmodule.alb.aws_lb.example: Still creating... [1m20s elapsed][0m[0m
TestAlbExample 2023-08-20T23:34:07+09:00 logger.go:66: [0m[1mmodule.alb.aws_lb.example: Still creating... [1m30s elapsed][0m[0m
TestAlbExample 2023-08-20T23:34:17+09:00 logger.go:66: [0m[1mmodule.alb.aws_lb.example: Still creating... [1m40s elapsed][0m[0m
TestAlbExample 2023-08-20T23:34:27+09:00 logger.go:66: [0m[1mmodule.alb.aws_lb.example: Still creating... [1m50s elapsed][0m[0m
TestAlbExample 2023-08-20T23:34:32+09:00 logger.go:66: [0m[1mmodule.alb.aws_lb.example: Creation complete after 1m55s [id=arn:aws:elasticloadbalancing:us-east-2:935838525253:loadbalancer/app/terraform-up-and-running/21c60f2f1ada1319][0m
TestAlbExample 2023-08-20T23:34:32+09:00 logger.go:66: [0m[1mmodule.alb.aws_lb_listener.http: Creating...[0m[0m
TestAlbExample 2023-08-20T23:34:33+09:00 logger.go:66: [0m[1mmodule.alb.aws_lb_listener.http: Creation complete after 1s [id=arn:aws:elasticloadbalancing:us-east-2:935838525253:listener/app/terraform-up-and-running/21c60f2f1ada1319/c157edccaf4c8154][0m
TestAlbExample 2023-08-20T23:34:33+09:00 logger.go:66: [0m[1m[32m
TestAlbExample 2023-08-20T23:34:33+09:00 logger.go:66: Apply complete! Resources: 5 added, 0 changed, 0 destroyed.
TestAlbExample 2023-08-20T23:34:33+09:00 logger.go:66: [0m[0m[1m[32m
TestAlbExample 2023-08-20T23:34:33+09:00 logger.go:66: Outputs:
TestAlbExample 2023-08-20T23:34:33+09:00 logger.go:66:
TestAlbExample 2023-08-20T23:34:33+09:00 logger.go:66: [0malb_dns_name = "terraform-up-and-running-859503210.us-east-2.elb.amazonaws.com"
TestAlbExample 2023-08-20T23:34:33+09:00 retry.go:91: terraform [output -no-color -json alb_dns_name]
TestAlbExample 2023-08-20T23:34:33+09:00 logger.go:66: Running command terraform with args [output -no-color -json alb_dns_name]
TestAlbExample 2023-08-20T23:34:34+09:00 logger.go:66: "terraform-up-and-running-859503210.us-east-2.elb.amazonaws.com"
TestAlbExample 2023-08-20T23:34:34+09:00 retry.go:91: HTTP GET to URL http://terraform-up-and-running-859503210.us-east-2.elb.amazonaws.com
TestAlbExample 2023-08-20T23:34:34+09:00 http_helper.go:59: Making an HTTP GET call to URL http://terraform-up-and-running-859503210.us-east-2.elb.amazonaws.com
TestAlbExample 2023-08-20T23:34:34+09:00 retry.go:103: HTTP GET to URL http://terraform-up-and-running-859503210.us-east-2.elb.amazonaws.com returned an error: Get "http://terraform-up-and-running-859503210.us-east-2.elb.amazonaws.com": dial tcp 3.136.52.178:80: connect: connection refused. Sleeping for 10s and will try again.
TestAlbExample 2023-08-20T23:34:44+09:00 retry.go:91: HTTP GET to URL http://terraform-up-and-running-859503210.us-east-2.elb.amazonaws.com
TestAlbExample 2023-08-20T23:34:44+09:00 http_helper.go:59: Making an HTTP GET call to URL http://terraform-up-and-running-859503210.us-east-2.elb.amazonaws.com
TestAlbExample 2023-08-20T23:34:45+09:00 retry.go:103: HTTP GET to URL http://terraform-up-and-running-859503210.us-east-2.elb.amazonaws.com returned an error: Get "http://terraform-up-and-running-859503210.us-east-2.elb.amazonaws.com": dial tcp 3.136.52.178:80: connect: connection refused. Sleeping for 10s and will try again.
TestAlbExample 2023-08-20T23:34:55+09:00 retry.go:91: HTTP GET to URL http://terraform-up-and-running-859503210.us-east-2.elb.amazonaws.com
TestAlbExample 2023-08-20T23:34:55+09:00 http_helper.go:59: Making an HTTP GET call to URL http://terraform-up-and-running-859503210.us-east-2.elb.amazonaws.com
TestAlbExample 2023-08-20T23:34:55+09:00 retry.go:91: terraform [destroy -auto-approve -input=false -lock=false]
TestAlbExample 2023-08-20T23:34:55+09:00 logger.go:66: Running command terraform with args [destroy -auto-approve -input=false -lock=false]
TestAlbExample 2023-08-20T23:34:59+09:00 logger.go:66: [0m[1mdata.aws_vpc.default: Reading...[0m[0m
TestAlbExample 2023-08-20T23:34:59+09:00 logger.go:66: [0m[1mmodule.alb.aws_security_group.alb: Refreshing state... [id=sg-06fcf5ae75cc414f0][0m
TestAlbExample 2023-08-20T23:34:59+09:00 logger.go:66: [0m[1mmodule.alb.aws_security_group_rule.allow_all_outbound: Refreshing state... [id=sgrule-2661034207][0m
TestAlbExample 2023-08-20T23:34:59+09:00 logger.go:66: [0m[1mmodule.alb.aws_security_group_rule.allow_http_inbound: Refreshing state... [id=sgrule-3695056953][0m
TestAlbExample 2023-08-20T23:35:00+09:00 logger.go:66: [0m[1mdata.aws_vpc.default: Read complete after 2s [id=vpc-c330c9a8][0m
TestAlbExample 2023-08-20T23:35:00+09:00 logger.go:66: [0m[1mdata.aws_subnets.default: Reading...[0m[0m
TestAlbExample 2023-08-20T23:35:01+09:00 logger.go:66: [0m[1mdata.aws_subnets.default: Read complete after 0s [id=us-east-2][0m
TestAlbExample 2023-08-20T23:35:01+09:00 logger.go:66: [0m[1mmodule.alb.aws_lb.example: Refreshing state... [id=arn:aws:elasticloadbalancing:us-east-2:935838525253:loadbalancer/app/terraform-up-and-running/21c60f2f1ada1319][0m
TestAlbExample 2023-08-20T23:35:02+09:00 logger.go:66: [0m[1mmodule.alb.aws_lb_listener.http: Refreshing state... [id=arn:aws:elasticloadbalancing:us-east-2:935838525253:listener/app/terraform-up-and-running/21c60f2f1ada1319/c157edccaf4c8154][0m
TestAlbExample 2023-08-20T23:35:05+09:00 logger.go:66:
TestAlbExample 2023-08-20T23:35:05+09:00 logger.go:66: Terraform used the selected providers to generate the following execution
TestAlbExample 2023-08-20T23:35:05+09:00 logger.go:66: plan. Resource actions are indicated with the following symbols:
TestAlbExample 2023-08-20T23:35:05+09:00 logger.go:66:   [31m-[0m destroy[0m
TestAlbExample 2023-08-20T23:35:05+09:00 logger.go:66:
TestAlbExample 2023-08-20T23:35:05+09:00 logger.go:66: Terraform will perform the following actions:
TestAlbExample 2023-08-20T23:35:05+09:00 logger.go:66:
TestAlbExample 2023-08-20T23:35:05+09:00 logger.go:66: [1m  # module.alb.aws_lb.example[0m will be [1m[31mdestroyed[0m
TestAlbExample 2023-08-20T23:35:05+09:00 logger.go:66: [0m  [31m-[0m[0m resource "aws_lb" "example" {
TestAlbExample 2023-08-20T23:35:05+09:00 logger.go:66:       [31m-[0m[0m arn                              = "arn:aws:elasticloadbalancing:us-east-2:935838525253:loadbalancer/app/terraform-up-and-running/21c60f2f1ada1319" [90m-> null[0m[0m
TestAlbExample 2023-08-20T23:35:05+09:00 logger.go:66:       [31m-[0m[0m arn_suffix                       = "app/terraform-up-and-running/21c60f2f1ada1319" [90m-> null[0m[0m
TestAlbExample 2023-08-20T23:35:05+09:00 logger.go:66:       [31m-[0m[0m desync_mitigation_mode           = "defensive" [90m-> null[0m[0m
TestAlbExample 2023-08-20T23:35:05+09:00 logger.go:66:       [31m-[0m[0m dns_name                         = "terraform-up-and-running-859503210.us-east-2.elb.amazonaws.com" [90m-> null[0m[0m
TestAlbExample 2023-08-20T23:35:05+09:00 logger.go:66:       [31m-[0m[0m drop_invalid_header_fields       = false [90m-> null[0m[0m
TestAlbExample 2023-08-20T23:35:05+09:00 logger.go:66:       [31m-[0m[0m enable_cross_zone_load_balancing = true [90m-> null[0m[0m
TestAlbExample 2023-08-20T23:35:05+09:00 logger.go:66:       [31m-[0m[0m enable_deletion_protection       = false [90m-> null[0m[0m
TestAlbExample 2023-08-20T23:35:05+09:00 logger.go:66:       [31m-[0m[0m enable_http2                     = true [90m-> null[0m[0m
TestAlbExample 2023-08-20T23:35:05+09:00 logger.go:66:       [31m-[0m[0m enable_waf_fail_open             = false [90m-> null[0m[0m
TestAlbExample 2023-08-20T23:35:05+09:00 logger.go:66:       [31m-[0m[0m id                               = "arn:aws:elasticloadbalancing:us-east-2:935838525253:loadbalancer/app/terraform-up-and-running/21c60f2f1ada1319" [90m-> null[0m[0m
TestAlbExample 2023-08-20T23:35:05+09:00 logger.go:66:       [31m-[0m[0m idle_timeout                     = 60 [90m-> null[0m[0m
TestAlbExample 2023-08-20T23:35:05+09:00 logger.go:66:       [31m-[0m[0m internal                         = false [90m-> null[0m[0m
TestAlbExample 2023-08-20T23:35:05+09:00 logger.go:66:       [31m-[0m[0m ip_address_type                  = "ipv4" [90m-> null[0m[0m
TestAlbExample 2023-08-20T23:35:05+09:00 logger.go:66:       [31m-[0m[0m load_balancer_type               = "application" [90m-> null[0m[0m
TestAlbExample 2023-08-20T23:35:05+09:00 logger.go:66:       [31m-[0m[0m name                             = "terraform-up-and-running" [90m-> null[0m[0m
TestAlbExample 2023-08-20T23:35:05+09:00 logger.go:66:       [31m-[0m[0m security_groups                  = [
TestAlbExample 2023-08-20T23:35:05+09:00 logger.go:66:           [31m-[0m[0m "sg-06fcf5ae75cc414f0",
TestAlbExample 2023-08-20T23:35:05+09:00 logger.go:66:         ] [90m-> null[0m[0m
TestAlbExample 2023-08-20T23:35:05+09:00 logger.go:66:       [31m-[0m[0m subnets                          = [
TestAlbExample 2023-08-20T23:35:05+09:00 logger.go:66:           [31m-[0m[0m "subnet-4cf37500",
TestAlbExample 2023-08-20T23:35:05+09:00 logger.go:66:           [31m-[0m[0m "subnet-601eff0b",
TestAlbExample 2023-08-20T23:35:05+09:00 logger.go:66:           [31m-[0m[0m "subnet-6ff6a915",
TestAlbExample 2023-08-20T23:35:05+09:00 logger.go:66:         ] [90m-> null[0m[0m
TestAlbExample 2023-08-20T23:35:05+09:00 logger.go:66:       [31m-[0m[0m tags                             = {} [90m-> null[0m[0m
TestAlbExample 2023-08-20T23:35:05+09:00 logger.go:66:       [31m-[0m[0m tags_all                         = {} [90m-> null[0m[0m
TestAlbExample 2023-08-20T23:35:05+09:00 logger.go:66:       [31m-[0m[0m vpc_id                           = "vpc-c330c9a8" [90m-> null[0m[0m
TestAlbExample 2023-08-20T23:35:05+09:00 logger.go:66:       [31m-[0m[0m zone_id                          = "Z3AADJGX6KTTL2" [90m-> null[0m[0m
TestAlbExample 2023-08-20T23:35:05+09:00 logger.go:66:
TestAlbExample 2023-08-20T23:35:05+09:00 logger.go:66:       [31m-[0m[0m access_logs {
TestAlbExample 2023-08-20T23:35:05+09:00 logger.go:66:           [31m-[0m[0m enabled = false [90m-> null[0m[0m
TestAlbExample 2023-08-20T23:35:05+09:00 logger.go:66:         }
TestAlbExample 2023-08-20T23:35:05+09:00 logger.go:66:
TestAlbExample 2023-08-20T23:35:05+09:00 logger.go:66:       [31m-[0m[0m subnet_mapping {
TestAlbExample 2023-08-20T23:35:05+09:00 logger.go:66:           [31m-[0m[0m subnet_id = "subnet-4cf37500" [90m-> null[0m[0m
TestAlbExample 2023-08-20T23:35:05+09:00 logger.go:66:         }
TestAlbExample 2023-08-20T23:35:05+09:00 logger.go:66:       [31m-[0m[0m subnet_mapping {
TestAlbExample 2023-08-20T23:35:05+09:00 logger.go:66:           [31m-[0m[0m subnet_id = "subnet-601eff0b" [90m-> null[0m[0m
TestAlbExample 2023-08-20T23:35:05+09:00 logger.go:66:         }
TestAlbExample 2023-08-20T23:35:05+09:00 logger.go:66:       [31m-[0m[0m subnet_mapping {
TestAlbExample 2023-08-20T23:35:05+09:00 logger.go:66:           [31m-[0m[0m subnet_id = "subnet-6ff6a915" [90m-> null[0m[0m
TestAlbExample 2023-08-20T23:35:05+09:00 logger.go:66:         }
TestAlbExample 2023-08-20T23:35:05+09:00 logger.go:66:     }
TestAlbExample 2023-08-20T23:35:05+09:00 logger.go:66:
TestAlbExample 2023-08-20T23:35:05+09:00 logger.go:66: [1m  # module.alb.aws_lb_listener.http[0m will be [1m[31mdestroyed[0m
TestAlbExample 2023-08-20T23:35:05+09:00 logger.go:66: [0m  [31m-[0m[0m resource "aws_lb_listener" "http" {
TestAlbExample 2023-08-20T23:35:05+09:00 logger.go:66:       [31m-[0m[0m arn               = "arn:aws:elasticloadbalancing:us-east-2:935838525253:listener/app/terraform-up-and-running/21c60f2f1ada1319/c157edccaf4c8154" [90m-> null[0m[0m
TestAlbExample 2023-08-20T23:35:05+09:00 logger.go:66:       [31m-[0m[0m id                = "arn:aws:elasticloadbalancing:us-east-2:935838525253:listener/app/terraform-up-and-running/21c60f2f1ada1319/c157edccaf4c8154" [90m-> null[0m[0m
TestAlbExample 2023-08-20T23:35:05+09:00 logger.go:66:       [31m-[0m[0m load_balancer_arn = "arn:aws:elasticloadbalancing:us-east-2:935838525253:loadbalancer/app/terraform-up-and-running/21c60f2f1ada1319" [90m-> null[0m[0m
TestAlbExample 2023-08-20T23:35:05+09:00 logger.go:66:       [31m-[0m[0m port              = 80 [90m-> null[0m[0m
TestAlbExample 2023-08-20T23:35:05+09:00 logger.go:66:       [31m-[0m[0m protocol          = "HTTP" [90m-> null[0m[0m
TestAlbExample 2023-08-20T23:35:05+09:00 logger.go:66:       [31m-[0m[0m tags              = {} [90m-> null[0m[0m
TestAlbExample 2023-08-20T23:35:05+09:00 logger.go:66:       [31m-[0m[0m tags_all          = {} [90m-> null[0m[0m
TestAlbExample 2023-08-20T23:35:05+09:00 logger.go:66:
TestAlbExample 2023-08-20T23:35:05+09:00 logger.go:66:       [31m-[0m[0m default_action {
TestAlbExample 2023-08-20T23:35:05+09:00 logger.go:66:           [31m-[0m[0m order = 1 [90m-> null[0m[0m
TestAlbExample 2023-08-20T23:35:05+09:00 logger.go:66:           [31m-[0m[0m type  = "fixed-response" [90m-> null[0m[0m
TestAlbExample 2023-08-20T23:35:05+09:00 logger.go:66:
TestAlbExample 2023-08-20T23:35:05+09:00 logger.go:66:           [31m-[0m[0m fixed_response {
TestAlbExample 2023-08-20T23:35:05+09:00 logger.go:66:               [31m-[0m[0m content_type = "text/plain" [90m-> null[0m[0m
TestAlbExample 2023-08-20T23:35:05+09:00 logger.go:66:               [31m-[0m[0m message_body = "404: page not found" [90m-> null[0m[0m
TestAlbExample 2023-08-20T23:35:05+09:00 logger.go:66:               [31m-[0m[0m status_code  = "404" [90m-> null[0m[0m
TestAlbExample 2023-08-20T23:35:05+09:00 logger.go:66:             }
TestAlbExample 2023-08-20T23:35:05+09:00 logger.go:66:         }
TestAlbExample 2023-08-20T23:35:05+09:00 logger.go:66:     }
TestAlbExample 2023-08-20T23:35:05+09:00 logger.go:66:
TestAlbExample 2023-08-20T23:35:05+09:00 logger.go:66: [1m  # module.alb.aws_security_group.alb[0m will be [1m[31mdestroyed[0m
TestAlbExample 2023-08-20T23:35:05+09:00 logger.go:66: [0m  [31m-[0m[0m resource "aws_security_group" "alb" {
TestAlbExample 2023-08-20T23:35:05+09:00 logger.go:66:       [31m-[0m[0m arn                    = "arn:aws:ec2:us-east-2:935838525253:security-group/sg-06fcf5ae75cc414f0" [90m-> null[0m[0m
TestAlbExample 2023-08-20T23:35:05+09:00 logger.go:66:       [31m-[0m[0m description            = "Managed by Terraform" [90m-> null[0m[0m
TestAlbExample 2023-08-20T23:35:05+09:00 logger.go:66:       [31m-[0m[0m egress                 = [
TestAlbExample 2023-08-20T23:35:05+09:00 logger.go:66:           [31m-[0m[0m {
TestAlbExample 2023-08-20T23:35:05+09:00 logger.go:66:               [31m-[0m[0m cidr_blocks      = [
TestAlbExample 2023-08-20T23:35:05+09:00 logger.go:66:                   [31m-[0m[0m "0.0.0.0/0",
TestAlbExample 2023-08-20T23:35:05+09:00 logger.go:66:                 ]
TestAlbExample 2023-08-20T23:35:05+09:00 logger.go:66:               [31m-[0m[0m description      = ""
TestAlbExample 2023-08-20T23:35:05+09:00 logger.go:66:               [31m-[0m[0m from_port        = 0
TestAlbExample 2023-08-20T23:35:05+09:00 logger.go:66:               [31m-[0m[0m ipv6_cidr_blocks = []
TestAlbExample 2023-08-20T23:35:05+09:00 logger.go:66:               [31m-[0m[0m prefix_list_ids  = []
TestAlbExample 2023-08-20T23:35:05+09:00 logger.go:66:               [31m-[0m[0m protocol         = "-1"
TestAlbExample 2023-08-20T23:35:05+09:00 logger.go:66:               [31m-[0m[0m security_groups  = []
TestAlbExample 2023-08-20T23:35:05+09:00 logger.go:66:               [31m-[0m[0m self             = false
TestAlbExample 2023-08-20T23:35:05+09:00 logger.go:66:               [31m-[0m[0m to_port          = 0
TestAlbExample 2023-08-20T23:35:05+09:00 logger.go:66:             },
TestAlbExample 2023-08-20T23:35:05+09:00 logger.go:66:         ] [90m-> null[0m[0m
TestAlbExample 2023-08-20T23:35:05+09:00 logger.go:66:       [31m-[0m[0m id                     = "sg-06fcf5ae75cc414f0" [90m-> null[0m[0m
TestAlbExample 2023-08-20T23:35:05+09:00 logger.go:66:       [31m-[0m[0m ingress                = [
TestAlbExample 2023-08-20T23:35:05+09:00 logger.go:66:           [31m-[0m[0m {
TestAlbExample 2023-08-20T23:35:05+09:00 logger.go:66:               [31m-[0m[0m cidr_blocks      = [
TestAlbExample 2023-08-20T23:35:05+09:00 logger.go:66:                   [31m-[0m[0m "0.0.0.0/0",
TestAlbExample 2023-08-20T23:35:05+09:00 logger.go:66:                 ]
TestAlbExample 2023-08-20T23:35:05+09:00 logger.go:66:               [31m-[0m[0m description      = ""
TestAlbExample 2023-08-20T23:35:05+09:00 logger.go:66:               [31m-[0m[0m from_port        = 80
TestAlbExample 2023-08-20T23:35:05+09:00 logger.go:66:               [31m-[0m[0m ipv6_cidr_blocks = []
TestAlbExample 2023-08-20T23:35:05+09:00 logger.go:66:               [31m-[0m[0m prefix_list_ids  = []
TestAlbExample 2023-08-20T23:35:05+09:00 logger.go:66:               [31m-[0m[0m protocol         = "tcp"
TestAlbExample 2023-08-20T23:35:05+09:00 logger.go:66:               [31m-[0m[0m security_groups  = []
TestAlbExample 2023-08-20T23:35:05+09:00 logger.go:66:               [31m-[0m[0m self             = false
TestAlbExample 2023-08-20T23:35:05+09:00 logger.go:66:               [31m-[0m[0m to_port          = 80
TestAlbExample 2023-08-20T23:35:05+09:00 logger.go:66:             },
TestAlbExample 2023-08-20T23:35:05+09:00 logger.go:66:         ] [90m-> null[0m[0m
TestAlbExample 2023-08-20T23:35:05+09:00 logger.go:66:       [31m-[0m[0m name                   = "terraform-up-and-running" [90m-> null[0m[0m
TestAlbExample 2023-08-20T23:35:05+09:00 logger.go:66:       [31m-[0m[0m owner_id               = "935838525253" [90m-> null[0m[0m
TestAlbExample 2023-08-20T23:35:05+09:00 logger.go:66:       [31m-[0m[0m revoke_rules_on_delete = false [90m-> null[0m[0m
TestAlbExample 2023-08-20T23:35:05+09:00 logger.go:66:       [31m-[0m[0m tags                   = {} [90m-> null[0m[0m
TestAlbExample 2023-08-20T23:35:05+09:00 logger.go:66:       [31m-[0m[0m tags_all               = {} [90m-> null[0m[0m
TestAlbExample 2023-08-20T23:35:05+09:00 logger.go:66:       [31m-[0m[0m vpc_id                 = "vpc-c330c9a8" [90m-> null[0m[0m
TestAlbExample 2023-08-20T23:35:05+09:00 logger.go:66:     }
TestAlbExample 2023-08-20T23:35:05+09:00 logger.go:66:
TestAlbExample 2023-08-20T23:35:05+09:00 logger.go:66: [1m  # module.alb.aws_security_group_rule.allow_all_outbound[0m will be [1m[31mdestroyed[0m
TestAlbExample 2023-08-20T23:35:05+09:00 logger.go:66: [0m  [31m-[0m[0m resource "aws_security_group_rule" "allow_all_outbound" {
TestAlbExample 2023-08-20T23:35:05+09:00 logger.go:66:       [31m-[0m[0m cidr_blocks       = [
TestAlbExample 2023-08-20T23:35:05+09:00 logger.go:66:           [31m-[0m[0m "0.0.0.0/0",
TestAlbExample 2023-08-20T23:35:05+09:00 logger.go:66:         ] [90m-> null[0m[0m
TestAlbExample 2023-08-20T23:35:05+09:00 logger.go:66:       [31m-[0m[0m from_port         = 0 [90m-> null[0m[0m
TestAlbExample 2023-08-20T23:35:05+09:00 logger.go:66:       [31m-[0m[0m id                = "sgrule-2661034207" [90m-> null[0m[0m
TestAlbExample 2023-08-20T23:35:05+09:00 logger.go:66:       [31m-[0m[0m ipv6_cidr_blocks  = [] [90m-> null[0m[0m
TestAlbExample 2023-08-20T23:35:05+09:00 logger.go:66:       [31m-[0m[0m prefix_list_ids   = [] [90m-> null[0m[0m
TestAlbExample 2023-08-20T23:35:05+09:00 logger.go:66:       [31m-[0m[0m protocol          = "-1" [90m-> null[0m[0m
TestAlbExample 2023-08-20T23:35:05+09:00 logger.go:66:       [31m-[0m[0m security_group_id = "sg-06fcf5ae75cc414f0" [90m-> null[0m[0m
TestAlbExample 2023-08-20T23:35:05+09:00 logger.go:66:       [31m-[0m[0m self              = false [90m-> null[0m[0m
TestAlbExample 2023-08-20T23:35:05+09:00 logger.go:66:       [31m-[0m[0m to_port           = 0 [90m-> null[0m[0m
TestAlbExample 2023-08-20T23:35:05+09:00 logger.go:66:       [31m-[0m[0m type              = "egress" [90m-> null[0m[0m
TestAlbExample 2023-08-20T23:35:05+09:00 logger.go:66:     }
TestAlbExample 2023-08-20T23:35:05+09:00 logger.go:66:
TestAlbExample 2023-08-20T23:35:05+09:00 logger.go:66: [1m  # module.alb.aws_security_group_rule.allow_http_inbound[0m will be [1m[31mdestroyed[0m
TestAlbExample 2023-08-20T23:35:05+09:00 logger.go:66: [0m  [31m-[0m[0m resource "aws_security_group_rule" "allow_http_inbound" {
TestAlbExample 2023-08-20T23:35:05+09:00 logger.go:66:       [31m-[0m[0m cidr_blocks       = [
TestAlbExample 2023-08-20T23:35:05+09:00 logger.go:66:           [31m-[0m[0m "0.0.0.0/0",
TestAlbExample 2023-08-20T23:35:05+09:00 logger.go:66:         ] [90m-> null[0m[0m
TestAlbExample 2023-08-20T23:35:05+09:00 logger.go:66:       [31m-[0m[0m from_port         = 80 [90m-> null[0m[0m
TestAlbExample 2023-08-20T23:35:05+09:00 logger.go:66:       [31m-[0m[0m id                = "sgrule-3695056953" [90m-> null[0m[0m
TestAlbExample 2023-08-20T23:35:05+09:00 logger.go:66:       [31m-[0m[0m ipv6_cidr_blocks  = [] [90m-> null[0m[0m
TestAlbExample 2023-08-20T23:35:05+09:00 logger.go:66:       [31m-[0m[0m prefix_list_ids   = [] [90m-> null[0m[0m
TestAlbExample 2023-08-20T23:35:05+09:00 logger.go:66:       [31m-[0m[0m protocol          = "tcp" [90m-> null[0m[0m
TestAlbExample 2023-08-20T23:35:05+09:00 logger.go:66:       [31m-[0m[0m security_group_id = "sg-06fcf5ae75cc414f0" [90m-> null[0m[0m
TestAlbExample 2023-08-20T23:35:05+09:00 logger.go:66:       [31m-[0m[0m self              = false [90m-> null[0m[0m
TestAlbExample 2023-08-20T23:35:05+09:00 logger.go:66:       [31m-[0m[0m to_port           = 80 [90m-> null[0m[0m
TestAlbExample 2023-08-20T23:35:05+09:00 logger.go:66:       [31m-[0m[0m type              = "ingress" [90m-> null[0m[0m
TestAlbExample 2023-08-20T23:35:05+09:00 logger.go:66:     }
TestAlbExample 2023-08-20T23:35:05+09:00 logger.go:66:
TestAlbExample 2023-08-20T23:35:05+09:00 logger.go:66: [1mPlan:[0m 0 to add, 0 to change, 5 to destroy.
TestAlbExample 2023-08-20T23:35:05+09:00 logger.go:66: [0m
TestAlbExample 2023-08-20T23:35:05+09:00 logger.go:66: Changes to Outputs:
TestAlbExample 2023-08-20T23:35:05+09:00 logger.go:66:   [31m-[0m[0m alb_dns_name = "terraform-up-and-running-859503210.us-east-2.elb.amazonaws.com" [90m-> null[0m[0m
TestAlbExample 2023-08-20T23:35:07+09:00 logger.go:66: [0m[1mmodule.alb.aws_security_group_rule.allow_http_inbound: Destroying... [id=sgrule-3695056953][0m[0m
TestAlbExample 2023-08-20T23:35:07+09:00 logger.go:66: [0m[1mmodule.alb.aws_security_group_rule.allow_all_outbound: Destroying... [id=sgrule-2661034207][0m[0m
TestAlbExample 2023-08-20T23:35:07+09:00 logger.go:66: [0m[1mmodule.alb.aws_lb_listener.http: Destroying... [id=arn:aws:elasticloadbalancing:us-east-2:935838525253:listener/app/terraform-up-and-running/21c60f2f1ada1319/c157edccaf4c8154][0m[0m
TestAlbExample 2023-08-20T23:35:08+09:00 logger.go:66: [0m[1mmodule.alb.aws_security_group_rule.allow_all_outbound: Destruction complete after 1s[0m
TestAlbExample 2023-08-20T23:35:08+09:00 logger.go:66: [0m[1mmodule.alb.aws_lb_listener.http: Destruction complete after 1s[0m
TestAlbExample 2023-08-20T23:35:08+09:00 logger.go:66: [0m[1mmodule.alb.aws_lb.example: Destroying... [id=arn:aws:elasticloadbalancing:us-east-2:935838525253:loadbalancer/app/terraform-up-and-running/21c60f2f1ada1319][0m[0m
TestAlbExample 2023-08-20T23:35:09+09:00 logger.go:66: [0m[1mmodule.alb.aws_security_group_rule.allow_http_inbound: Destruction complete after 1s[0m
TestAlbExample 2023-08-20T23:35:10+09:00 logger.go:66: [0m[1mmodule.alb.aws_lb.example: Destruction complete after 1s[0m
TestAlbExample 2023-08-20T23:35:10+09:00 logger.go:66: [0m[1mmodule.alb.aws_security_group.alb: Destroying... [id=sg-06fcf5ae75cc414f0][0m[0m
TestAlbExample 2023-08-20T23:35:20+09:00 logger.go:66: [0m[1mmodule.alb.aws_security_group.alb: Still destroying... [id=sg-06fcf5ae75cc414f0, 10s elapsed][0m[0m
TestAlbExample 2023-08-20T23:35:30+09:00 logger.go:66: [0m[1mmodule.alb.aws_security_group.alb: Still destroying... [id=sg-06fcf5ae75cc414f0, 20s elapsed][0m[0m
TestAlbExample 2023-08-20T23:35:31+09:00 logger.go:66: [0m[1mmodule.alb.aws_security_group.alb: Destruction complete after 22s[0m
TestAlbExample 2023-08-20T23:35:31+09:00 logger.go:66: [0m[1m[32m
TestAlbExample 2023-08-20T23:35:31+09:00 logger.go:66: Destroy complete! Resources: 5 destroyed.
TestAlbExample 2023-08-20T23:35:31+09:00 logger.go:66: [0m
--- PASS: TestAlbExample (190.26s)
PASS
ok  	github.com/pqppq/hello-terraform/code/09/unit-test/src/test	(cached)
